{
  "requires": true,
  "lockfileVersion": 1,
  "dependencies": {
    "chrome-options": {
      "version": "0.3.2",
      "resolved": "https://registry.npmjs.org/chrome-options/-/chrome-options-0.3.2.tgz",
      "integrity": "sha512-dgUfoCfAHhLWSPx1SceA0YOG7K/xVjeyUGy9fF/9QfRZNxf0gKNRGUEmBu1zQ7t7AzIaIEiOOXYsH7pumn+/LA=="
    }
  }
}
