{
  "requires": true,
  "lockfileVersion": 1,
  "dependencies": {
    "chrome-options": {
      "version": "0.2.3",
      "resolved": "https://registry.npmjs.org/chrome-options/-/chrome-options-0.2.3.tgz",
      "integrity": "sha512-vupNotFgoX82E1TQpQbZh2fkVVjNockE3MF7Dv77j9unsEkFChpdcccvZgZc8CGOSU/a20okZaQCX3pEJz2OsQ=="
    }
  }
}
